
Microsoft Visual Studio Solution File, Format Version 12.00
# Visual Studio Version 16
VisualStudioVersion = 16.0.29123.88
MinimumVisualStudioVersion = 10.0.40219.1
Project("{8BC9CEB8-8B4A-11D0-8D11-00A0C91BC942}") = "PegSolitia", "PegSolitia.vcxproj", "{54FF7865-E87B-4AE1-80DC-712E492B84CA}"
EndProject
Global
	GlobalSection(SolutionConfigurationPlatforms) = preSolution
		Debug|x64 = Debug|x64
		Release|x64 = Release|x64
	EndGlobalSection
	GlobalSection(ProjectConfigurationPlatforms) = postSolution
		{54FF7865-E87B-4AE1-80DC-712E492B84CA}.Debug|x64.ActiveCfg = Debug|x64
		{54FF7865-E87B-4AE1-80DC-712E492B84CA}.Debug|x64.Build.0 = Debug|x64
		{54FF7865-E87B-4AE1-80DC-712E492B84CA}.Release|x64.ActiveCfg = Release|x64
		{54FF7865-E87B-4AE1-80DC-712E492B84CA}.Release|x64.Build.0 = Release|x64
	EndGlobalSection
	GlobalSection(SolutionProperties) = preSolution
		HideSolutionNode = FALSE
	EndGlobalSection
	GlobalSection(ExtensibilityGlobals) = postSolution
		SolutionGuid = {8D5E25EA-C78A-4130-BFEB-CFF69F2234EE}
	EndGlobalSection
EndGlobal
